
Microsoft Visual Studio Solution File, Format Version 12.00
# Visual Studio 15
VisualStudioVersion = 15.0.26730.16
MinimumVisualStudioVersion = 10.0.40219.1
Project("{FAE04EC0-301F-11D3-BF4B-00C04F79EFBC}") = "01", "01\01.csproj", "{8FD29A8B-2380-4019-8721-5B6D55D38BB4}"
EndProject
Project("{FAE04EC0-301F-11D3-BF4B-00C04F79EFBC}") = "02", "02\02.csproj", "{61D3CB32-8FD5-443A-A60F-A2837970A433}"
EndProject
Project("{FAE04EC0-301F-11D3-BF4B-00C04F79EFBC}") = "03", "03\03.csproj", "{D07382AB-62C7-41A7-9C12-4D196F8B9A02}"
EndProject
Project("{FAE04EC0-301F-11D3-BF4B-00C04F79EFBC}") = "04", "04\04.csproj", "{A137D60F-B451-4726-A413-18A8337D41A8}"
EndProject
Global
	GlobalSection(SolutionConfigurationPlatforms) = preSolution
		Debug|Any CPU = Debug|Any CPU
		Release|Any CPU = Release|Any CPU
	EndGlobalSection
	GlobalSection(ProjectConfigurationPlatforms) = postSolution
		{8FD29A8B-2380-4019-8721-5B6D55D38BB4}.Debug|Any CPU.ActiveCfg = Debug|Any CPU
		{8FD29A8B-2380-4019-8721-5B6D55D38BB4}.Debug|Any CPU.Build.0 = Debug|Any CPU
		{8FD29A8B-2380-4019-8721-5B6D55D38BB4}.Release|Any CPU.ActiveCfg = Release|Any CPU
		{8FD29A8B-2380-4019-8721-5B6D55D38BB4}.Release|Any CPU.Build.0 = Release|Any CPU
		{61D3CB32-8FD5-443A-A60F-A2837970A433}.Debug|Any CPU.ActiveCfg = Debug|Any CPU
		{61D3CB32-8FD5-443A-A60F-A2837970A433}.Debug|Any CPU.Build.0 = Debug|Any CPU
		{61D3CB32-8FD5-443A-A60F-A2837970A433}.Release|Any CPU.ActiveCfg = Release|Any CPU
		{61D3CB32-8FD5-443A-A60F-A2837970A433}.Release|Any CPU.Build.0 = Release|Any CPU
		{D07382AB-62C7-41A7-9C12-4D196F8B9A02}.Debug|Any CPU.ActiveCfg = Debug|Any CPU
		{D07382AB-62C7-41A7-9C12-4D196F8B9A02}.Debug|Any CPU.Build.0 = Debug|Any CPU
		{D07382AB-62C7-41A7-9C12-4D196F8B9A02}.Release|Any CPU.ActiveCfg = Release|Any CPU
		{D07382AB-62C7-41A7-9C12-4D196F8B9A02}.Release|Any CPU.Build.0 = Release|Any CPU
		{A137D60F-B451-4726-A413-18A8337D41A8}.Debug|Any CPU.ActiveCfg = Debug|Any CPU
		{A137D60F-B451-4726-A413-18A8337D41A8}.Debug|Any CPU.Build.0 = Debug|Any CPU
		{A137D60F-B451-4726-A413-18A8337D41A8}.Release|Any CPU.ActiveCfg = Release|Any CPU
		{A137D60F-B451-4726-A413-18A8337D41A8}.Release|Any CPU.Build.0 = Release|Any CPU
	EndGlobalSection
	GlobalSection(SolutionProperties) = preSolution
		HideSolutionNode = FALSE
	EndGlobalSection
	GlobalSection(ExtensibilityGlobals) = postSolution
		SolutionGuid = {70786FAA-C491-40A5-B283-58699F81ED55}
	EndGlobalSection
EndGlobal
