
Microsoft Visual Studio Solution File, Format Version 12.00
# Visual Studio 15
VisualStudioVersion = 15.0.26730.15
MinimumVisualStudioVersion = 10.0.40219.1
Project("{FAE04EC0-301F-11D3-BF4B-00C04F79EFBC}") = "01.Resurection", "01.Resurection\01.Resurection.csproj", "{C8718AC5-7047-47ED-8451-52484C1CFDC7}"
EndProject
Project("{FAE04EC0-301F-11D3-BF4B-00C04F79EFBC}") = "02.Icarus", "02.Icarus\02.Icarus.csproj", "{B9A1A199-9475-4EB3-851F-9DDAA226D06F}"
EndProject
Project("{FAE04EC0-301F-11D3-BF4B-00C04F79EFBC}") = "03.Phoenix Grid", "03.Phoenix Grid\03.Phoenix Grid.csproj", "{60D81891-5321-48F2-AAC1-1E58D081D47F}"
EndProject
Global
	GlobalSection(SolutionConfigurationPlatforms) = preSolution
		Debug|Any CPU = Debug|Any CPU
		Release|Any CPU = Release|Any CPU
	EndGlobalSection
	GlobalSection(ProjectConfigurationPlatforms) = postSolution
		{C8718AC5-7047-47ED-8451-52484C1CFDC7}.Debug|Any CPU.ActiveCfg = Debug|Any CPU
		{C8718AC5-7047-47ED-8451-52484C1CFDC7}.Debug|Any CPU.Build.0 = Debug|Any CPU
		{C8718AC5-7047-47ED-8451-52484C1CFDC7}.Release|Any CPU.ActiveCfg = Release|Any CPU
		{C8718AC5-7047-47ED-8451-52484C1CFDC7}.Release|Any CPU.Build.0 = Release|Any CPU
		{B9A1A199-9475-4EB3-851F-9DDAA226D06F}.Debug|Any CPU.ActiveCfg = Debug|Any CPU
		{B9A1A199-9475-4EB3-851F-9DDAA226D06F}.Debug|Any CPU.Build.0 = Debug|Any CPU
		{B9A1A199-9475-4EB3-851F-9DDAA226D06F}.Release|Any CPU.ActiveCfg = Release|Any CPU
		{B9A1A199-9475-4EB3-851F-9DDAA226D06F}.Release|Any CPU.Build.0 = Release|Any CPU
		{60D81891-5321-48F2-AAC1-1E58D081D47F}.Debug|Any CPU.ActiveCfg = Debug|Any CPU
		{60D81891-5321-48F2-AAC1-1E58D081D47F}.Debug|Any CPU.Build.0 = Debug|Any CPU
		{60D81891-5321-48F2-AAC1-1E58D081D47F}.Release|Any CPU.ActiveCfg = Release|Any CPU
		{60D81891-5321-48F2-AAC1-1E58D081D47F}.Release|Any CPU.Build.0 = Release|Any CPU
	EndGlobalSection
	GlobalSection(SolutionProperties) = preSolution
		HideSolutionNode = FALSE
	EndGlobalSection
	GlobalSection(ExtensibilityGlobals) = postSolution
		SolutionGuid = {34A44D03-8E35-42D6-9B8B-B60997F10EE9}
	EndGlobalSection
EndGlobal
