
Microsoft Visual Studio Solution File, Format Version 12.00
# Visual Studio 15
VisualStudioVersion = 15.0.26730.15
MinimumVisualStudioVersion = 10.0.40219.1
Project("{FAE04EC0-301F-11D3-BF4B-00C04F79EFBC}") = "01.Emails", "01.Emails\01.Emails.csproj", "{C0CD9AB3-9165-4AAE-9824-4D11CA7CA265}"
EndProject
Project("{FAE04EC0-301F-11D3-BF4B-00C04F79EFBC}") = "02. Extract Sentences by Keyword", "02. Extract Sentences by Keyword\02. Extract Sentences by Keyword.csproj", "{2020CDD0-D5C4-4265-8CC9-D4163414AFD3}"
EndProject
Project("{FAE04EC0-301F-11D3-BF4B-00C04F79EFBC}") = "03. Camera View", "03. Camera View\03. Camera View.csproj", "{4B1BD406-D5F2-4440-8C28-B58E91DF8AAB}"
EndProject
Project("{FAE04EC0-301F-11D3-BF4B-00C04F79EFBC}") = "04. Weather", "04. Weather\04. Weather.csproj", "{6048E9F8-8D52-4783-AC6E-0222A38F3330}"
EndProject
Project("{FAE04EC0-301F-11D3-BF4B-00C04F79EFBC}") = "05. Key Replacer", "05. Key Replacer\05. Key Replacer.csproj", "{D4112307-CF1D-4431-82BF-C031D4B4CD21}"
EndProject
Global
	GlobalSection(SolutionConfigurationPlatforms) = preSolution
		Debug|Any CPU = Debug|Any CPU
		Release|Any CPU = Release|Any CPU
	EndGlobalSection
	GlobalSection(ProjectConfigurationPlatforms) = postSolution
		{C0CD9AB3-9165-4AAE-9824-4D11CA7CA265}.Debug|Any CPU.ActiveCfg = Debug|Any CPU
		{C0CD9AB3-9165-4AAE-9824-4D11CA7CA265}.Debug|Any CPU.Build.0 = Debug|Any CPU
		{C0CD9AB3-9165-4AAE-9824-4D11CA7CA265}.Release|Any CPU.ActiveCfg = Release|Any CPU
		{C0CD9AB3-9165-4AAE-9824-4D11CA7CA265}.Release|Any CPU.Build.0 = Release|Any CPU
		{2020CDD0-D5C4-4265-8CC9-D4163414AFD3}.Debug|Any CPU.ActiveCfg = Debug|Any CPU
		{2020CDD0-D5C4-4265-8CC9-D4163414AFD3}.Debug|Any CPU.Build.0 = Debug|Any CPU
		{2020CDD0-D5C4-4265-8CC9-D4163414AFD3}.Release|Any CPU.ActiveCfg = Release|Any CPU
		{2020CDD0-D5C4-4265-8CC9-D4163414AFD3}.Release|Any CPU.Build.0 = Release|Any CPU
		{4B1BD406-D5F2-4440-8C28-B58E91DF8AAB}.Debug|Any CPU.ActiveCfg = Debug|Any CPU
		{4B1BD406-D5F2-4440-8C28-B58E91DF8AAB}.Debug|Any CPU.Build.0 = Debug|Any CPU
		{4B1BD406-D5F2-4440-8C28-B58E91DF8AAB}.Release|Any CPU.ActiveCfg = Release|Any CPU
		{4B1BD406-D5F2-4440-8C28-B58E91DF8AAB}.Release|Any CPU.Build.0 = Release|Any CPU
		{6048E9F8-8D52-4783-AC6E-0222A38F3330}.Debug|Any CPU.ActiveCfg = Debug|Any CPU
		{6048E9F8-8D52-4783-AC6E-0222A38F3330}.Debug|Any CPU.Build.0 = Debug|Any CPU
		{6048E9F8-8D52-4783-AC6E-0222A38F3330}.Release|Any CPU.ActiveCfg = Release|Any CPU
		{6048E9F8-8D52-4783-AC6E-0222A38F3330}.Release|Any CPU.Build.0 = Release|Any CPU
		{D4112307-CF1D-4431-82BF-C031D4B4CD21}.Debug|Any CPU.ActiveCfg = Debug|Any CPU
		{D4112307-CF1D-4431-82BF-C031D4B4CD21}.Debug|Any CPU.Build.0 = Debug|Any CPU
		{D4112307-CF1D-4431-82BF-C031D4B4CD21}.Release|Any CPU.ActiveCfg = Release|Any CPU
		{D4112307-CF1D-4431-82BF-C031D4B4CD21}.Release|Any CPU.Build.0 = Release|Any CPU
	EndGlobalSection
	GlobalSection(SolutionProperties) = preSolution
		HideSolutionNode = FALSE
	EndGlobalSection
	GlobalSection(ExtensibilityGlobals) = postSolution
		SolutionGuid = {BA655F1E-9917-4FF3-96B8-11178A85C671}
	EndGlobalSection
EndGlobal
